// !$*UTF8*$!
{
	archiveVersion = 1;
	classes = {
	};
	objectVersion = 45;
	objects = {

/* Begin PBXBuildFile section */
		1D60589B0D05DD56006BFB54 /* main.m in Sources */ = {isa = PBXBuildFile; fileRef = 29B97316FDCFA39411CA2CEA /* main.m */; };
		1D60589F0D05DD5A006BFB54 /* Foundation.framework in Frameworks */ = {isa = PBXBuildFile; fileRef = 1D30AB110D05D00D00671497 /* Foundation.framework */; };
		1DF5F4E00D08C38300B7A737 /* UIKit.framework in Frameworks */ = {isa = PBXBuildFile; fileRef = 1DF5F4DF0D08C38300B7A737 /* UIKit.framework */; };
		28AD733F0D9D9553002E5188 /* MainWindow.xib in Resources */ = {isa = PBXBuildFile; fileRef = 28AD733E0D9D9553002E5188 /* MainWindow.xib */; };
		28FD15000DC6FC520079059D /* OpenGLES.framework in Frameworks */ = {isa = PBXBuildFile; fileRef = 28FD14FF0DC6FC520079059D /* OpenGLES.framework */; };
		28FD15080DC6FC5B0079059D /* QuartzCore.framework in Frameworks */ = {isa = PBXBuildFile; fileRef = 28FD15070DC6FC5B0079059D /* QuartzCore.framework */; };
		840C8F930F80C02F007B6933 /* app_c_wrapper.cpp in Sources */ = {isa = PBXBuildFile; fileRef = 840C8F920F80C02F007B6933 /* app_c_wrapper.cpp */; };
		84896FAE0F775BCE00394C12 /* unzip.cpp in Sources */ = {isa = PBXBuildFile; fileRef = 84896FAA0F775BCE00394C12 /* unzip.cpp */; };
		84896FAF0F775BCE00394C12 /* zip.cpp in Sources */ = {isa = PBXBuildFile; fileRef = 84896FAC0F775BCE00394C12 /* zip.cpp */; };
		84896FDC0F775C5900394C12 /* app.cpp in Sources */ = {isa = PBXBuildFile; fileRef = 84896FD80F775C5900394C12 /* app.cpp */; };
		84896FDD0F775C5900394C12 /* binaryfile.cpp in Sources */ = {isa = PBXBuildFile; fileRef = 84896FDA0F775C5900394C12 /* binaryfile.cpp */; };
		84896FEE0F775C9700394C12 /* event.cpp in Sources */ = {isa = PBXBuildFile; fileRef = 84896FE10F775C9700394C12 /* event.cpp */; };
		84896FEF0F775C9700394C12 /* filemanager.cpp in Sources */ = {isa = PBXBuildFile; fileRef = 84896FE40F775C9700394C12 /* filemanager.cpp */; };
		84896FF10F775C9800394C12 /* logger.cpp in Sources */ = {isa = PBXBuildFile; fileRef = 84896FE70F775C9700394C12 /* logger.cpp */; };
		84896FF20F775C9800394C12 /* objectattribute.cpp in Sources */ = {isa = PBXBuildFile; fileRef = 84896FE90F775C9700394C12 /* objectattribute.cpp */; };
		84896FF70F775CAE00394C12 /* zipfile.cpp in Sources */ = {isa = PBXBuildFile; fileRef = 84896FF50F775CAE00394C12 /* zipfile.cpp */; };
		848970CA0F788CD400394C12 /* OpenAL.framework in Frameworks */ = {isa = PBXBuildFile; fileRef = 848970C90F788CD400394C12 /* OpenAL.framework */; };
		84C1DC790F798BA400C11D1F /* platform_itouch.m in Sources */ = {isa = PBXBuildFile; fileRef = 84C1DC780F798BA400C11D1F /* platform_itouch.m */; };
		84C1DC7C0F798D9600C11D1F /* platform_itouch_view.m in Sources */ = {isa = PBXBuildFile; fileRef = 84C1DC7B0F798D9600C11D1F /* platform_itouch_view.m */; };
		84CF72ED0F30C53300516EA9 /* common.cpp in Sources */ = {isa = PBXBuildFile; fileRef = 84CF72D90F30C53300516EA9 /* common.cpp */; };
		84CF72F00F30C53300516EA9 /* object.cpp in Sources */ = {isa = PBXBuildFile; fileRef = 84CF72DE0F30C53300516EA9 /* object.cpp */; };
		84CF72F10F30C53300516EA9 /* objectmanager.cpp in Sources */ = {isa = PBXBuildFile; fileRef = 84CF72E00F30C53300516EA9 /* objectmanager.cpp */; };
/* End PBXBuildFile section */

/* Begin PBXFileReference section */
		1D30AB110D05D00D00671497 /* Foundation.framework */ = {isa = PBXFileReference; lastKnownFileType = wrapper.framework; name = Foundation.framework; path = System/Library/Frameworks/Foundation.framework; sourceTree = SDKROOT; };
		1D6058910D05DD3D006BFB54 /* xCode.app */ = {isa = PBXFileReference; explicitFileType = wrapper.application; includeInIndex = 0; path = xCode.app; sourceTree = BUILT_PRODUCTS_DIR; };
		1DF5F4DF0D08C38300B7A737 /* UIKit.framework */ = {isa = PBXFileReference; lastKnownFileType = wrapper.framework; name = UIKit.framework; path = System/Library/Frameworks/UIKit.framework; sourceTree = SDKROOT; };
		28AD733E0D9D9553002E5188 /* MainWindow.xib */ = {isa = PBXFileReference; lastKnownFileType = file.xib; path = MainWindow.xib; sourceTree = "<group>"; };
		28FD14FF0DC6FC520079059D /* OpenGLES.framework */ = {isa = PBXFileReference; lastKnownFileType = wrapper.framework; name = OpenGLES.framework; path = System/Library/Frameworks/OpenGLES.framework; sourceTree = SDKROOT; };
		28FD15070DC6FC5B0079059D /* QuartzCore.framework */ = {isa = PBXFileReference; lastKnownFileType = wrapper.framework; name = QuartzCore.framework; path = System/Library/Frameworks/QuartzCore.framework; sourceTree = SDKROOT; };
		29B97316FDCFA39411CA2CEA /* main.m */ = {isa = PBXFileReference; fileEncoding = 4; lastKnownFileType = sourcecode.c.objc; path = main.m; sourceTree = "<group>"; };
		32CA4F630368D1EE00C91783 /* xCode_Prefix.pch */ = {isa = PBXFileReference; fileEncoding = 4; lastKnownFileType = sourcecode.c.h; path = xCode_Prefix.pch; sourceTree = "<group>"; };
		840C8F910F80BF31007B6933 /* app_c_wrapper.h */ = {isa = PBXFileReference; fileEncoding = 4; lastKnownFileType = sourcecode.c.h; path = app_c_wrapper.h; sourceTree = "<group>"; };
		840C8F920F80C02F007B6933 /* app_c_wrapper.cpp */ = {isa = PBXFileReference; fileEncoding = 4; lastKnownFileType = sourcecode.cpp.cpp; path = app_c_wrapper.cpp; sourceTree = "<group>"; };
		84896FAA0F775BCE00394C12 /* unzip.cpp */ = {isa = PBXFileReference; fileEncoding = 4; lastKnownFileType = sourcecode.cpp.cpp; path = unzip.cpp; sourceTree = "<group>"; };
		84896FAB0F775BCE00394C12 /* unzip.h */ = {isa = PBXFileReference; fileEncoding = 4; lastKnownFileType = sourcecode.c.h; path = unzip.h; sourceTree = "<group>"; };
		84896FAC0F775BCE00394C12 /* zip.cpp */ = {isa = PBXFileReference; fileEncoding = 4; lastKnownFileType = sourcecode.cpp.cpp; path = zip.cpp; sourceTree = "<group>"; };
		84896FAD0F775BCE00394C12 /* zip.h */ = {isa = PBXFileReference; fileEncoding = 4; lastKnownFileType = sourcecode.c.h; path = zip.h; sourceTree = "<group>"; };
		84896FD80F775C5900394C12 /* app.cpp */ = {isa = PBXFileReference; fileEncoding = 4; lastKnownFileType = sourcecode.cpp.cpp; path = app.cpp; sourceTree = "<group>"; };
		84896FD90F775C5900394C12 /* app.hpp */ = {isa = PBXFileReference; fileEncoding = 4; lastKnownFileType = sourcecode.cpp.h; path = app.hpp; sourceTree = "<group>"; };
		84896FDA0F775C5900394C12 /* binaryfile.cpp */ = {isa = PBXFileReference; fileEncoding = 4; lastKnownFileType = sourcecode.cpp.cpp; path = binaryfile.cpp; sourceTree = "<group>"; };
		84896FDB0F775C5900394C12 /* binaryfile.hpp */ = {isa = PBXFileReference; fileEncoding = 4; lastKnownFileType = sourcecode.cpp.h; path = binaryfile.hpp; sourceTree = "<group>"; };
		84896FDE0F775C9700394C12 /* consolelogger.hpp */ = {isa = PBXFileReference; fileEncoding = 4; lastKnownFileType = sourcecode.cpp.h; path = consolelogger.hpp; sourceTree = "<group>"; };
		84896FDF0F775C9700394C12 /* delegate.ipp */ = {isa = PBXFileReference; fileEncoding = 4; lastKnownFileType = text; path = delegate.ipp; sourceTree = "<group>"; };
		84896FE00F775C9700394C12 /* engineassert.hpp */ = {isa = PBXFileReference; fileEncoding = 4; lastKnownFileType = sourcecode.cpp.h; path = engineassert.hpp; sourceTree = "<group>"; };
		84896FE10F775C9700394C12 /* event.cpp */ = {isa = PBXFileReference; fileEncoding = 4; lastKnownFileType = sourcecode.cpp.cpp; path = event.cpp; sourceTree = "<group>"; };
		84896FE20F775C9700394C12 /* event.hpp */ = {isa = PBXFileReference; fileEncoding = 4; lastKnownFileType = sourcecode.cpp.h; path = event.hpp; sourceTree = "<group>"; };
		84896FE30F775C9700394C12 /* file.hpp */ = {isa = PBXFileReference; fileEncoding = 4; lastKnownFileType = sourcecode.cpp.h; path = file.hpp; sourceTree = "<group>"; };
		84896FE40F775C9700394C12 /* filemanager.cpp */ = {isa = PBXFileReference; fileEncoding = 4; lastKnownFileType = sourcecode.cpp.cpp; path = filemanager.cpp; sourceTree = "<group>"; };
		84896FE50F775C9700394C12 /* filemanager.hpp */ = {isa = PBXFileReference; fileEncoding = 4; lastKnownFileType = sourcecode.cpp.h; path = filemanager.hpp; sourceTree = "<group>"; };
		84896FE60F775C9700394C12 /* iterator_utility.ipp */ = {isa = PBXFileReference; fileEncoding = 4; lastKnownFileType = text; path = iterator_utility.ipp; sourceTree = "<group>"; };
		84896FE70F775C9700394C12 /* logger.cpp */ = {isa = PBXFileReference; fileEncoding = 4; lastKnownFileType = sourcecode.cpp.cpp; path = logger.cpp; sourceTree = "<group>"; };
		84896FE80F775C9700394C12 /* logger.hpp */ = {isa = PBXFileReference; fileEncoding = 4; lastKnownFileType = sourcecode.cpp.h; path = logger.hpp; sourceTree = "<group>"; };
		84896FE90F775C9700394C12 /* objectattribute.cpp */ = {isa = PBXFileReference; fileEncoding = 4; lastKnownFileType = sourcecode.cpp.cpp; path = objectattribute.cpp; sourceTree = "<group>"; };
		84896FEA0F775C9700394C12 /* objectattribute.hpp */ = {isa = PBXFileReference; fileEncoding = 4; lastKnownFileType = sourcecode.cpp.h; path = objectattribute.hpp; sourceTree = "<group>"; };
		84896FEB0F775C9700394C12 /* pool.ipp */ = {isa = PBXFileReference; fileEncoding = 4; lastKnownFileType = text; path = pool.ipp; sourceTree = "<group>"; };
		84896FEC0F775C9700394C12 /* singleton.ipp */ = {isa = PBXFileReference; fileEncoding = 4; lastKnownFileType = text; path = singleton.ipp; sourceTree = "<group>"; };
		84896FF50F775CAE00394C12 /* zipfile.cpp */ = {isa = PBXFileReference; fileEncoding = 4; lastKnownFileType = sourcecode.cpp.cpp; path = zipfile.cpp; sourceTree = "<group>"; };
		84896FF60F775CAE00394C12 /* zipfile.hpp */ = {isa = PBXFileReference; fileEncoding = 4; lastKnownFileType = sourcecode.cpp.h; path = zipfile.hpp; sourceTree = "<group>"; };
		848970C90F788CD400394C12 /* OpenAL.framework */ = {isa = PBXFileReference; lastKnownFileType = wrapper.framework; name = OpenAL.framework; path = System/Library/Frameworks/OpenAL.framework; sourceTree = SDKROOT; };
		84C1DC770F798BA400C11D1F /* platform_itouch.h */ = {isa = PBXFileReference; fileEncoding = 4; lastKnownFileType = sourcecode.c.h; path = platform_itouch.h; sourceTree = "<group>"; };
		84C1DC780F798BA400C11D1F /* platform_itouch.m */ = {isa = PBXFileReference; fileEncoding = 4; lastKnownFileType = sourcecode.c.objc; path = platform_itouch.m; sourceTree = "<group>"; };
		84C1DC7A0F798D9600C11D1F /* platform_itouch_view.h */ = {isa = PBXFileReference; fileEncoding = 4; lastKnownFileType = sourcecode.c.h; path = platform_itouch_view.h; sourceTree = "<group>"; };
		84C1DC7B0F798D9600C11D1F /* platform_itouch_view.m */ = {isa = PBXFileReference; fileEncoding = 4; lastKnownFileType = sourcecode.c.objc; path = platform_itouch_view.m; sourceTree = "<group>"; };
		84CF72D90F30C53300516EA9 /* common.cpp */ = {isa = PBXFileReference; fileEncoding = 4; lastKnownFileType = sourcecode.cpp.cpp; path = common.cpp; sourceTree = "<group>"; };
		84CF72DA0F30C53300516EA9 /* common.hpp */ = {isa = PBXFileReference; fileEncoding = 4; lastKnownFileType = sourcecode.cpp.h; path = common.hpp; sourceTree = "<group>"; };
		84CF72DB0F30C53300516EA9 /* coreobject.hpp */ = {isa = PBXFileReference; fileEncoding = 4; lastKnownFileType = sourcecode.cpp.h; path = coreobject.hpp; sourceTree = "<group>"; };
		84CF72DC0F30C53300516EA9 /* Iterator.ipp */ = {isa = PBXFileReference; fileEncoding = 4; lastKnownFileType = text; path = Iterator.ipp; sourceTree = "<group>"; };
		84CF72DD0F30C53300516EA9 /* linkedlist.ipp */ = {isa = PBXFileReference; fileEncoding = 4; lastKnownFileType = text; path = linkedlist.ipp; sourceTree = "<group>"; };
		84CF72DE0F30C53300516EA9 /* object.cpp */ = {isa = PBXFileReference; fileEncoding = 4; lastKnownFileType = sourcecode.cpp.cpp; path = object.cpp; sourceTree = "<group>"; };
		84CF72DF0F30C53300516EA9 /* object.hpp */ = {isa = PBXFileReference; fileEncoding = 4; lastKnownFileType = sourcecode.cpp.h; path = object.hpp; sourceTree = "<group>"; };
		84CF72E00F30C53300516EA9 /* objectmanager.cpp */ = {isa = PBXFileReference; fileEncoding = 4; lastKnownFileType = sourcecode.cpp.cpp; path = objectmanager.cpp; sourceTree = "<group>"; };
		84CF72E10F30C53300516EA9 /* objectmanager.hpp */ = {isa = PBXFileReference; fileEncoding = 4; lastKnownFileType = sourcecode.cpp.h; path = objectmanager.hpp; sourceTree = "<group>"; };
		84CF72E30F30C53300516EA9 /* type_check.hpp */ = {isa = PBXFileReference; fileEncoding = 4; lastKnownFileType = sourcecode.cpp.h; path = type_check.hpp; sourceTree = "<group>"; };
		84CF72E40F30C53300516EA9 /* type_traits.hpp */ = {isa = PBXFileReference; fileEncoding = 4; lastKnownFileType = sourcecode.cpp.h; path = type_traits.hpp; sourceTree = "<group>"; };
		84CF72E50F30C53300516EA9 /* type_utility.hpp */ = {isa = PBXFileReference; fileEncoding = 4; lastKnownFileType = sourcecode.cpp.h; path = type_utility.hpp; sourceTree = "<group>"; };
		84CF72E60F30C53300516EA9 /* type_helper.ipp */ = {isa = PBXFileReference; fileEncoding = 4; lastKnownFileType = text; path = type_helper.ipp; sourceTree = "<group>"; };
		84CF72E70F30C53300516EA9 /* types.hpp */ = {isa = PBXFileReference; fileEncoding = 4; lastKnownFileType = sourcecode.cpp.h; path = types.hpp; sourceTree = "<group>"; };
		8D1107310486CEB800E47090 /* Info.plist */ = {isa = PBXFileReference; fileEncoding = 4; lastKnownFileType = text.plist.xml; path = Info.plist; sourceTree = "<group>"; };
/* End PBXFileReference section */

/* Begin PBXFrameworksBuildPhase section */
		1D60588F0D05DD3D006BFB54 /* Frameworks */ = {
			isa = PBXFrameworksBuildPhase;
			buildActionMask = 2147483647;
			files = (
				1D60589F0D05DD5A006BFB54 /* Foundation.framework in Frameworks */,
				1DF5F4E00D08C38300B7A737 /* UIKit.framework in Frameworks */,
				28FD15000DC6FC520079059D /* OpenGLES.framework in Frameworks */,
				28FD15080DC6FC5B0079059D /* QuartzCore.framework in Frameworks */,
				848970CA0F788CD400394C12 /* OpenAL.framework in Frameworks */,
			);
			runOnlyForDeploymentPostprocessing = 0;
		};
/* End PBXFrameworksBuildPhase section */

/* Begin PBXGroup section */
		19C28FACFE9D520D11CA2CBB /* Products */ = {
			isa = PBXGroup;
			children = (
				1D6058910D05DD3D006BFB54 /* xCode.app */,
			);
			name = Products;
			sourceTree = "<group>";
		};
		29B97314FDCFA39411CA2CEA /* CustomTemplate */ = {
			isa = PBXGroup;
			children = (
				84CF72D60F30C4FF00516EA9 /* game */,
				29B97315FDCFA39411CA2CEA /* Other Sources */,
				29B97317FDCFA39411CA2CEA /* Resources */,
				29B97323FDCFA39411CA2CEA /* Frameworks */,
				19C28FACFE9D520D11CA2CBB /* Products */,
			);
			name = CustomTemplate;
			sourceTree = "<group>";
		};
		29B97315FDCFA39411CA2CEA /* Other Sources */ = {
			isa = PBXGroup;
			children = (
				32CA4F630368D1EE00C91783 /* xCode_Prefix.pch */,
				29B97316FDCFA39411CA2CEA /* main.m */,
			);
			name = "Other Sources";
			sourceTree = "<group>";
		};
		29B97317FDCFA39411CA2CEA /* Resources */ = {
			isa = PBXGroup;
			children = (
				28AD733E0D9D9553002E5188 /* MainWindow.xib */,
				8D1107310486CEB800E47090 /* Info.plist */,
			);
			name = Resources;
			sourceTree = "<group>";
		};
		29B97323FDCFA39411CA2CEA /* Frameworks */ = {
			isa = PBXGroup;
			children = (
				848970C90F788CD400394C12 /* OpenAL.framework */,
				28FD15070DC6FC5B0079059D /* QuartzCore.framework */,
				28FD14FF0DC6FC520079059D /* OpenGLES.framework */,
				1DF5F4DF0D08C38300B7A737 /* UIKit.framework */,
				1D30AB110D05D00D00671497 /* Foundation.framework */,
			);
			name = Frameworks;
			sourceTree = "<group>";
		};
		84896FA90F775BCE00394C12 /* Zip */ = {
			isa = PBXGroup;
			children = (
				84896FAA0F775BCE00394C12 /* unzip.cpp */,
				84896FAB0F775BCE00394C12 /* unzip.h */,
				84896FAC0F775BCE00394C12 /* zip.cpp */,
				84896FAD0F775BCE00394C12 /* zip.h */,
			);
			path = Zip;
			sourceTree = "<group>";
		};
		84CF72D60F30C4FF00516EA9 /* game */ = {
			isa = PBXGroup;
			children = (
				84CF72D70F30C53300516EA9 /* GameEngine */,
			);
			name = game;
			sourceTree = "<group>";
		};
		84CF72D70F30C53300516EA9 /* GameEngine */ = {
			isa = PBXGroup;
			children = (
				84CF72D80F30C53300516EA9 /* Core */,
				84CF72E90F30C53300516EA9 /* graphics */,
				84CF72EA0F30C53300516EA9 /* platform */,
				84CF72EB0F30C53300516EA9 /* resource */,
				84CF72EC0F30C53300516EA9 /* sound */,
			);
			name = GameEngine;
			path = ../GameEngine;
			sourceTree = SOURCE_ROOT;
		};
		84CF72D80F30C53300516EA9 /* Core */ = {
			isa = PBXGroup;
			children = (
				84896FF50F775CAE00394C12 /* zipfile.cpp */,
				84896FF60F775CAE00394C12 /* zipfile.hpp */,
				84896FDE0F775C9700394C12 /* consolelogger.hpp */,
				84896FDF0F775C9700394C12 /* delegate.ipp */,
				84896FE00F775C9700394C12 /* engineassert.hpp */,
				84896FE10F775C9700394C12 /* event.cpp */,
				84896FE20F775C9700394C12 /* event.hpp */,
				84896FE30F775C9700394C12 /* file.hpp */,
				84896FE40F775C9700394C12 /* filemanager.cpp */,
				84896FE50F775C9700394C12 /* filemanager.hpp */,
				84896FE60F775C9700394C12 /* iterator_utility.ipp */,
				84896FE70F775C9700394C12 /* logger.cpp */,
				84896FE80F775C9700394C12 /* logger.hpp */,
				84896FE90F775C9700394C12 /* objectattribute.cpp */,
				84896FEA0F775C9700394C12 /* objectattribute.hpp */,
				84896FEB0F775C9700394C12 /* pool.ipp */,
				84896FEC0F775C9700394C12 /* singleton.ipp */,
				84896FD80F775C5900394C12 /* app.cpp */,
				84896FD90F775C5900394C12 /* app.hpp */,
				84896FDA0F775C5900394C12 /* binaryfile.cpp */,
				84896FDB0F775C5900394C12 /* binaryfile.hpp */,
				84896FA90F775BCE00394C12 /* Zip */,
				84CF72D90F30C53300516EA9 /* common.cpp */,
				84CF72DA0F30C53300516EA9 /* common.hpp */,
				84CF72DB0F30C53300516EA9 /* coreobject.hpp */,
				84CF72DC0F30C53300516EA9 /* Iterator.ipp */,
				84CF72DD0F30C53300516EA9 /* linkedlist.ipp */,
				84CF72DE0F30C53300516EA9 /* object.cpp */,
				84CF72DF0F30C53300516EA9 /* object.hpp */,
				84CF72E00F30C53300516EA9 /* objectmanager.cpp */,
				84CF72E10F30C53300516EA9 /* objectmanager.hpp */,
				84CF72E20F30C53300516EA9 /* Templates */,
				84CF72E60F30C53300516EA9 /* type_helper.ipp */,
				84CF72E70F30C53300516EA9 /* types.hpp */,
			);
			path = Core;
			sourceTree = "<group>";
		};
		84CF72E20F30C53300516EA9 /* Templates */ = {
			isa = PBXGroup;
			children = (
				84CF72E30F30C53300516EA9 /* type_check.hpp */,
				84CF72E40F30C53300516EA9 /* type_traits.hpp */,
				84CF72E50F30C53300516EA9 /* type_utility.hpp */,
			);
			path = Templates;
			sourceTree = "<group>";
		};
		84CF72E90F30C53300516EA9 /* graphics */ = {
			isa = PBXGroup;
			children = (
			);
			path = graphics;
			sourceTree = "<group>";
		};
		84CF72EA0F30C53300516EA9 /* platform */ = {
			isa = PBXGroup;
			children = (
				84C1DC770F798BA400C11D1F /* platform_itouch.h */,
				84C1DC780F798BA400C11D1F /* platform_itouch.m */,
				84C1DC7A0F798D9600C11D1F /* platform_itouch_view.h */,
				84C1DC7B0F798D9600C11D1F /* platform_itouch_view.m */,
				840C8F910F80BF31007B6933 /* app_c_wrapper.h */,
				840C8F920F80C02F007B6933 /* app_c_wrapper.cpp */,
			);
			path = platform;
			sourceTree = "<group>";
		};
		84CF72EB0F30C53300516EA9 /* resource */ = {
			isa = PBXGroup;
			children = (
			);
			path = resource;
			sourceTree = "<group>";
		};
		84CF72EC0F30C53300516EA9 /* sound */ = {
			isa = PBXGroup;
			children = (
			);
			path = sound;
			sourceTree = "<group>";
		};
/* End PBXGroup section */

/* Begin PBXNativeTarget section */
		1D6058900D05DD3D006BFB54 /* xCode */ = {
			isa = PBXNativeTarget;
			buildConfigurationList = 1D6058960D05DD3E006BFB54 /* Build configuration list for PBXNativeTarget "xCode" */;
			buildPhases = (
				1D60588D0D05DD3D006BFB54 /* Resources */,
				1D60588E0D05DD3D006BFB54 /* Sources */,
				1D60588F0D05DD3D006BFB54 /* Frameworks */,
			);
			buildRules = (
			);
			dependencies = (
			);
			name = xCode;
			productName = xCode;
			productReference = 1D6058910D05DD3D006BFB54 /* xCode.app */;
			productType = "com.apple.product-type.application";
		};
/* End PBXNativeTarget section */

/* Begin PBXProject section */
		29B97313FDCFA39411CA2CEA /* Project object */ = {
			isa = PBXProject;
			buildConfigurationList = C01FCF4E08A954540054247B /* Build configuration list for PBXProject "xCode" */;
			compatibilityVersion = "Xcode 3.1";
			hasScannedForEncodings = 1;
			mainGroup = 29B97314FDCFA39411CA2CEA /* CustomTemplate */;
			projectDirPath = "";
			projectRoot = "";
			targets = (
				1D6058900D05DD3D006BFB54 /* xCode */,
			);
		};
/* End PBXProject section */

/* Begin PBXResourcesBuildPhase section */
		1D60588D0D05DD3D006BFB54 /* Resources */ = {
			isa = PBXResourcesBuildPhase;
			buildActionMask = 2147483647;
			files = (
				28AD733F0D9D9553002E5188 /* MainWindow.xib in Resources */,
			);
			runOnlyForDeploymentPostprocessing = 0;
		};
/* End PBXResourcesBuildPhase section */

/* Begin PBXSourcesBuildPhase section */
		1D60588E0D05DD3D006BFB54 /* Sources */ = {
			isa = PBXSourcesBuildPhase;
			buildActionMask = 2147483647;
			files = (
				1D60589B0D05DD56006BFB54 /* main.m in Sources */,
				84CF72ED0F30C53300516EA9 /* common.cpp in Sources */,
				84CF72F00F30C53300516EA9 /* object.cpp in Sources */,
				84CF72F10F30C53300516EA9 /* objectmanager.cpp in Sources */,
				84896FAE0F775BCE00394C12 /* unzip.cpp in Sources */,
				84896FAF0F775BCE00394C12 /* zip.cpp in Sources */,
				84896FDC0F775C5900394C12 /* app.cpp in Sources */,
				84896FDD0F775C5900394C12 /* binaryfile.cpp in Sources */,
				84896FEE0F775C9700394C12 /* event.cpp in Sources */,
				84896FEF0F775C9700394C12 /* filemanager.cpp in Sources */,
				84896FF10F775C9800394C12 /* logger.cpp in Sources */,
				84896FF20F775C9800394C12 /* objectattribute.cpp in Sources */,
				84896FF70F775CAE00394C12 /* zipfile.cpp in Sources */,
				84C1DC790F798BA400C11D1F /* platform_itouch.m in Sources */,
				84C1DC7C0F798D9600C11D1F /* platform_itouch_view.m in Sources */,
				840C8F930F80C02F007B6933 /* app_c_wrapper.cpp in Sources */,
			);
			runOnlyForDeploymentPostprocessing = 0;
		};
/* End PBXSourcesBuildPhase section */

/* Begin XCBuildConfiguration section */
		1D6058940D05DD3E006BFB54 /* Debug */ = {
			isa = XCBuildConfiguration;
			buildSettings = {
				ALWAYS_SEARCH_USER_PATHS = NO;
				COPY_PHASE_STRIP = NO;
				GCC_DYNAMIC_NO_PIC = NO;
				GCC_OPTIMIZATION_LEVEL = 0;
				GCC_PRECOMPILE_PREFIX_HEADER = YES;
				GCC_PREFIX_HEADER = xCode_Prefix.pch;
				INFOPLIST_FILE = Info.plist;
				PRODUCT_NAME = xCode;
			};
			name = Debug;
		};
		1D6058950D05DD3E006BFB54 /* Release */ = {
			isa = XCBuildConfiguration;
			buildSettings = {
				ALWAYS_SEARCH_USER_PATHS = NO;
				COPY_PHASE_STRIP = YES;
				GCC_PRECOMPILE_PREFIX_HEADER = YES;
				GCC_PREFIX_HEADER = xCode_Prefix.pch;
				INFOPLIST_FILE = Info.plist;
				PRODUCT_NAME = xCode;
			};
			name = Release;
		};
		C01FCF4F08A954540054247B /* Debug */ = {
			isa = XCBuildConfiguration;
			buildSettings = {
				ARCHS = "$(ARCHS_STANDARD_32_BIT)";
				"CODE_SIGN_IDENTITY[sdk=iphoneos*]" = "iPhone Developer";
				GCC_C_LANGUAGE_STANDARD = c99;
				GCC_WARN_ABOUT_RETURN_TYPE = YES;
				GCC_WARN_UNUSED_VARIABLE = YES;
				HEADER_SEARCH_PATHS = ../Boost_1_38_0;
				ONLY_ACTIVE_ARCH = YES;
				PREBINDING = NO;
				SDKROOT = iphoneos2.2;
			};
			name = Debug;
		};
		C01FCF5008A954540054247B /* Release */ = {
			isa = XCBuildConfiguration;
			buildSettings = {
				ARCHS = "$(ARCHS_STANDARD_32_BIT)";
				"CODE_SIGN_IDENTITY[sdk=iphoneos*]" = "iPhone Developer";
				GCC_C_LANGUAGE_STANDARD = c99;
				GCC_WARN_ABOUT_RETURN_TYPE = YES;
				GCC_WARN_UNUSED_VARIABLE = YES;
				HEADER_SEARCH_PATHS = ../Boost_1_38_0;
				PREBINDING = NO;
				SDKROOT = iphoneos2.2;
			};
			name = Release;
		};
/* End XCBuildConfiguration section */

/* Begin XCConfigurationList section */
		1D6058960D05DD3E006BFB54 /* Build configuration list for PBXNativeTarget "xCode" */ = {
			isa = XCConfigurationList;
			buildConfigurations = (
				1D6058940D05DD3E006BFB54 /* Debug */,
				1D6058950D05DD3E006BFB54 /* Release */,
			);
			defaultConfigurationIsVisible = 0;
			defaultConfigurationName = Release;
		};
		C01FCF4E08A954540054247B /* Build configuration list for PBXProject "xCode" */ = {
			isa = XCConfigurationList;
			buildConfigurations = (
				C01FCF4F08A954540054247B /* Debug */,
				C01FCF5008A954540054247B /* Release */,
			);
			defaultConfigurationIsVisible = 0;
			defaultConfigurationName = Release;
		};
/* End XCConfigurationList section */
	};
	rootObject = 29B97313FDCFA39411CA2CEA /* Project object */;
}
